{
  "@cspotcode/source-map-support": {
    "0.8.1": {
      "path": "/node_modules/@cspotcode/source-map-support",
      "cache": "/@cspotcode/source-map-support/0.8.1",
      "tarball": "https://registry.npmjs.org/@cspotcode/source-map-support/-/source-map-support-0.8.1.tgz",
      "integrity": "sha512-IchNf6dN4tHoMFIn/7OE8LWZ19Y6q/67Bmf6vnGREv8RSbBVb9LPJxEcnwrcwX6ixSvaiGoomAUvu4YSxXrVgw==",
      "optional": false
    }
  },
  "@jridgewell/resolve-uri": {
    "3.1.1": {
      "path": "/node_modules/@jridgewell/resolve-uri",
      "cache": "/@jridgewell/resolve-uri/3.1.1",
      "tarball": "https://registry.npmjs.org/@jridgewell/resolve-uri/-/resolve-uri-3.1.1.tgz",
      "integrity": "sha512-dSYZh7HhCDtCKm4QakX0xFpsRDqjjtZf/kjI/v3T3Nwt5r8/qz/M19F9ySyOqU94SXBmeG9ttTul+YnR4LOxFA==",
      "optional": false
    }
  },
  "@jridgewell/sourcemap-codec": {
    "1.4.15": {
      "path": "/node_modules/@jridgewell/sourcemap-codec",
      "cache": "/@jridgewell/sourcemap-codec/1.4.15",
      "tarball": "https://registry.npmjs.org/@jridgewell/sourcemap-codec/-/sourcemap-codec-1.4.15.tgz",
      "integrity": "sha512-eF2rxCRulEKXHTRiDrDy6erMYWqNw4LPdQ8UQA4huuxaQsVeRPFl2oM8oDGxMFhJUWZf9McpLtJasDDZb/Bpeg==",
      "optional": false
    }
  },
  "@jridgewell/trace-mapping": {
    "0.3.9": {
      "path": "/node_modules/@jridgewell/trace-mapping",
      "cache": "/@jridgewell/trace-mapping/0.3.9",
      "tarball": "https://registry.npmjs.org/@jridgewell/trace-mapping/-/trace-mapping-0.3.9.tgz",
      "integrity": "sha512-3Belt6tdc8bPgAtbcmdtNJlirVoTmEb5e2gC94PnkwEW9jI6CAHUeoG85tjWP5WquqfavoMtMwiG4P926ZKKuQ==",
      "optional": false
    }
  },
  "@tsconfig/node10": {
    "1.0.9": {
      "path": "/node_modules/@tsconfig/node10",
      "cache": "/@tsconfig/node10/1.0.9",
      "tarball": "https://registry.npmjs.org/@tsconfig/node10/-/node10-1.0.9.tgz",
      "integrity": "sha512-jNsYVVxU8v5g43Erja32laIDHXeoNvFEpX33OK4d6hljo3jDhCBDhx5dhCCTMWUojscpAagGiRkBKxpdl9fxqA==",
      "optional": false
    }
  },
  "@tsconfig/node12": {
    "1.0.11": {
      "path": "/node_modules/@tsconfig/node12",
      "cache": "/@tsconfig/node12/1.0.11",
      "tarball": "https://registry.npmjs.org/@tsconfig/node12/-/node12-1.0.11.tgz",
      "integrity": "sha512-cqefuRsh12pWyGsIoBKJA9luFu3mRxCA+ORZvA4ktLSzIuCUtWVxGIuXigEwO5/ywWFMZ2QEGKWvkZG1zDMTag==",
      "optional": false
    }
  },
  "@tsconfig/node14": {
    "1.0.3": {
      "path": "/node_modules/@tsconfig/node14",
      "cache": "/@tsconfig/node14/1.0.3",
      "tarball": "https://registry.npmjs.org/@tsconfig/node14/-/node14-1.0.3.tgz",
      "integrity": "sha512-ysT8mhdixWK6Hw3i1V2AeRqZ5WfXg1G43mqoYlM2nc6388Fq5jcXyr5mRsqViLx/GJYdoL0bfXD8nmF+Zn/Iow==",
      "optional": false
    }
  },
  "@tsconfig/node16": {
    "1.0.4": {
      "path": "/node_modules/@tsconfig/node16",
      "cache": "/@tsconfig/node16/1.0.4",
      "tarball": "https://registry.npmjs.org/@tsconfig/node16/-/node16-1.0.4.tgz",
      "integrity": "sha512-vxhUy4J8lyeyinH7Azl1pdd43GJhZH/tP2weN8TntQblOY+A0XbT8DJk1/oCPuOOyg/Ja757rG0CgHcWC8OfMA==",
      "optional": false
    }
  },
  "@types/node": {
    "18.18.0": {
      "path": "/node_modules/@types/node",
      "cache": "/@types/node/18.18.0",
      "tarball": "https://registry.npmjs.org/@types/node/-/node-18.18.0.tgz",
      "integrity": "sha512-3xA4X31gHT1F1l38ATDIL9GpRLdwVhnEFC8Uikv5ZLlXATwrCYyPq7ZWHxzxc3J/30SUiwiYT+bQe0/XvKlWbw==",
      "optional": false
    }
  },
  "acorn": {
    "8.10.0": {
      "path": "/node_modules/acorn",
      "cache": "/acorn/8.10.0",
      "tarball": "https://registry.npmjs.org/acorn/-/acorn-8.10.0.tgz",
      "integrity": "sha512-F0SAmZ8iUtS//m8DmCTA0jlh6TDKkHQyK6xc6V4KDTyZKA9dnvX9/3sRTVQrWm79glUAZbnmmNcdYwUIHWVybw==",
      "optional": false
    }
  },
  "acorn-walk": {
    "8.2.0": {
      "path": "/node_modules/acorn-walk",
      "cache": "/acorn-walk/8.2.0",
      "tarball": "https://registry.npmjs.org/acorn-walk/-/acorn-walk-8.2.0.tgz",
      "integrity": "sha512-k+iyHEuPgSw6SbuDpGQM+06HQUa04DZ3o+F6CSzXMvvI5KMvnaEqXe+YVe555R9nn6GPt404fos4wcgpw12SDA==",
      "optional": false
    }
  },
  "arg": {
    "4.1.3": {
      "path": "/node_modules/arg",
      "cache": "/arg/4.1.3",
      "tarball": "https://registry.npmjs.org/arg/-/arg-4.1.3.tgz",
      "integrity": "sha512-58S9QDqG0Xx27YwPSt9fJxivjYl432YCwfDMfZ+71RAqUrZef7LrKQZ3LHLOwCS4FLNBplP533Zx895SeOCHvA==",
      "optional": false
    }
  },
  "asynckit": {
    "0.4.0": {
      "path": "/node_modules/asynckit",
      "cache": "/asynckit/0.4.0",
      "tarball": "https://registry.npmjs.org/asynckit/-/asynckit-0.4.0.tgz",
      "integrity": "sha512-Oei9OH4tRh0YqU3GxhX79dM/mwVgvbZJaSNaRk+bshkj0S5cfHcgYakreBjrHwatXKbz+IoIdYLxrKim2MjW0Q==",
      "optional": false
    }
  },
  "axios": {
    "1.5.1": {
      "path": "/node_modules/axios",
      "cache": "/axios/1.5.1",
      "tarball": "https://registry.npmjs.org/axios/-/axios-1.5.1.tgz",
      "integrity": "sha512-Q28iYCWzNHjAm+yEAot5QaAMxhMghWLFVf7rRdwhUI+c2jix2DUXjAHXVi+s1ibs3mjPO/cCgbA++3BjD0vP/A==",
      "optional": false
    }
  },
  "combined-stream": {
    "1.0.8": {
      "path": "/node_modules/combined-stream",
      "cache": "/combined-stream/1.0.8",
      "tarball": "https://registry.npmjs.org/combined-stream/-/combined-stream-1.0.8.tgz",
      "integrity": "sha512-FQN4MRfuJeHf7cBbBMJFXhKSDq+2kAArBlmRBvcvFE5BB1HZKXtSFASDhdlz9zOYwxh8lDdnvmMOe/+5cdoEdg==",
      "optional": false
    }
  },
  "create-require": {
    "1.1.1": {
      "path": "/node_modules/create-require",
      "cache": "/create-require/1.1.1",
      "tarball": "https://registry.npmjs.org/create-require/-/create-require-1.1.1.tgz",
      "integrity": "sha512-dcKFX3jn0MpIaXjisoRvexIJVEKzaq7z2rZKxf+MSr9TkdmHmsU4m2lcLojrj/FHl8mk5VxMmYA+ftRkP/3oKQ==",
      "optional": false
    }
  },
  "delayed-stream": {
    "1.0.0": {
      "path": "/node_modules/delayed-stream",
      "cache": "/delayed-stream/1.0.0",
      "tarball": "https://registry.npmjs.org/delayed-stream/-/delayed-stream-1.0.0.tgz",
      "integrity": "sha512-ZySD7Nf91aLB0RxL4KGrKHBXl7Eds1DAmEdcoVawXnLD7SDhpNgtuII2aAkg7a7QS41jxPSZ17p4VdGnMHk3MQ==",
      "optional": false
    }
  },
  "diff": {
    "4.0.2": {
      "path": "/node_modules/diff",
      "cache": "/diff/4.0.2",
      "tarball": "https://registry.npmjs.org/diff/-/diff-4.0.2.tgz",
      "integrity": "sha512-58lmxKSA4BNyLz+HHMUzlOEpg09FV+ev6ZMe3vJihgdxzgcwZ8VoEEPmALCZG9LmqfVoNMMKpttIYTVG6uDY7A==",
      "optional": false
    }
  },
  "dotenv": {
    "16.3.1": {
      "path": "/node_modules/dotenv",
      "cache": "/dotenv/16.3.1",
      "tarball": "https://registry.npmjs.org/dotenv/-/dotenv-16.3.1.tgz",
      "integrity": "sha512-IPzF4w4/Rd94bA9imS68tZBaYyBWSCE47V1RGuMrB94iyTOIEwRmVL2x/4An+6mETpLrKJ5hQkB8W4kFAadeIQ==",
      "optional": false
    }
  },
  "feed": {
    "4.2.2": {
      "path": "/node_modules/feed",
      "cache": "/feed/4.2.2",
      "tarball": "https://registry.npmjs.org/feed/-/feed-4.2.2.tgz",
      "integrity": "sha512-u5/sxGfiMfZNtJ3OvQpXcvotFpYkL0n9u9mM2vkui2nGo8b4wvDkJ8gAkYqbA8QpGyFCv3RK0Z+Iv+9veCS9bQ==",
      "optional": false
    }
  },
  "follow-redirects": {
    "1.15.3": {
      "path": "/node_modules/follow-redirects",
      "cache": "/follow-redirects/1.15.3",
      "tarball": "https://registry.npmjs.org/follow-redirects/-/follow-redirects-1.15.3.tgz",
      "integrity": "sha512-1VzOtuEM8pC9SFU1E+8KfTjZyMztRsgEfwQl44z8A25uy13jSzTj6dyK2Df52iV0vgHCfBwLhDWevLn95w5v6Q==",
      "optional": false
    }
  },
  "form-data": {
    "4.0.0": {
      "path": "/node_modules/form-data",
      "cache": "/form-data/4.0.0",
      "tarball": "https://registry.npmjs.org/form-data/-/form-data-4.0.0.tgz",
      "integrity": "sha512-ETEklSGi5t0QMZuiXoA/Q6vcnxcLQP5vdugSpuAyi6SVGi2clPPp+xgEhuMaHC+zGgn31Kd235W35f7Hykkaww==",
      "optional": false
    }
  },
  "make-error": {
    "1.3.6": {
      "path": "/node_modules/make-error",
      "cache": "/make-error/1.3.6",
      "tarball": "https://registry.npmjs.org/make-error/-/make-error-1.3.6.tgz",
      "integrity": "sha512-s8UhlNe7vPKomQhC1qFelMokr/Sc3AgNbso3n74mVPA5LTZwkB9NlXf4XPamLxJE8h0gh73rM94xvwRT2CVInw==",
      "optional": false
    }
  },
  "mime-db": {
    "1.52.0": {
      "path": "/node_modules/mime-db",
      "cache": "/mime-db/1.52.0",
      "tarball": "https://registry.npmjs.org/mime-db/-/mime-db-1.52.0.tgz",
      "integrity": "sha512-sPU4uV7dYlvtWJxwwxHD0PuihVNiE7TyAbQ5SWxDCB9mUYvOgroQOwYQQOKPJ8CIbE+1ETVlOoK1UC2nU3gYvg==",
      "optional": false
    }
  },
  "mime-types": {
    "2.1.35": {
      "path": "/node_modules/mime-types",
      "cache": "/mime-types/2.1.35",
      "tarball": "https://registry.npmjs.org/mime-types/-/mime-types-2.1.35.tgz",
      "integrity": "sha512-ZDY+bPm5zTTF+YpCrAU9nK0UgICYPT0QtT1NZWFv4s++TNkcgVaT0g6+4R2uI4MjQjzysHB1zxuWL50hzaeXiw==",
      "optional": false
    }
  },
  "proxy-from-env": {
    "1.1.0": {
      "path": "/node_modules/proxy-from-env",
      "cache": "/proxy-from-env/1.1.0",
      "tarball": "https://registry.npmjs.org/proxy-from-env/-/proxy-from-env-1.1.0.tgz",
      "integrity": "sha512-D+zkORCbA9f1tdWRK0RaCR3GPv50cMxcrz4X8k5LTSUD1Dkw47mKJEZQNunItRTkWwgtaUSo1RVFRIG9ZXiFYg==",
      "optional": false
    }
  },
  "sax": {
    "1.3.0": {
      "path": "/node_modules/sax",
      "cache": "/sax/1.3.0",
      "tarball": "https://registry.npmjs.org/sax/-/sax-1.3.0.tgz",
      "integrity": "sha512-0s+oAmw9zLl1V1cS9BtZN7JAd0cW5e0QH4W3LWEK6a4LaLEA2OTpGYWDY+6XasBLtz6wkm3u1xRw95mRuJ59WA==",
      "optional": false
    }
  },
  "ts-node": {
    "10.9.1": {
      "path": "/node_modules/ts-node",
      "cache": "/ts-node/10.9.1",
      "tarball": "https://registry.npmjs.org/ts-node/-/ts-node-10.9.1.tgz",
      "integrity": "sha512-NtVysVPkxxrwFGUUxGYhfux8k78pQB3JqYBXlLRZgdGUqTO5wU/UyHop5p70iEbGhB7q5KmiZiU0Y3KlJrScEw==",
      "optional": false
    }
  },
  "typescript": {
    "5.2.2": {
      "path": "/node_modules/typescript",
      "cache": "/typescript/5.2.2",
      "tarball": "https://registry.npmjs.org/typescript/-/typescript-5.2.2.tgz",
      "integrity": "sha512-mI4WrpHsbCIcwT9cF4FZvr80QUeKvsUsUvKDoR+X/7XHQH98xYD8YHZg7ANtz2GtZt/CBq2QJ0thkGJMHfqc1w==",
      "optional": false
    }
  },
  "v8-compile-cache-lib": {
    "3.0.1": {
      "path": "/node_modules/v8-compile-cache-lib",
      "cache": "/v8-compile-cache-lib/3.0.1",
      "tarball": "https://registry.npmjs.org/v8-compile-cache-lib/-/v8-compile-cache-lib-3.0.1.tgz",
      "integrity": "sha512-wa7YjyUGfNZngI/vtK0UHAN+lgDCxBPCylVXGp0zu59Fz5aiGtNXaq3DhIov063MorB+VfufLh3JlF2KdTK3xg==",
      "optional": false
    }
  },
  "xml-js": {
    "1.6.11": {
      "path": "/node_modules/xml-js",
      "cache": "/xml-js/1.6.11",
      "tarball": "https://registry.npmjs.org/xml-js/-/xml-js-1.6.11.tgz",
      "integrity": "sha512-7rVi2KMfwfWFl+GpPg6m80IVMWXLRjO+PxTq7V2CDhoGak0wzYzFgUY2m4XJ47OGdXd8eLE8EmwfAmdjw7lC1g==",
      "optional": false
    }
  },
  "yn": {
    "3.1.1": {
      "path": "/node_modules/yn",
      "cache": "/yn/3.1.1",
      "tarball": "https://registry.npmjs.org/yn/-/yn-3.1.1.tgz",
      "integrity": "sha512-Ux4ygGWsu2c7isFWe8Yu1YluJmqVhxqK2cLXNQA5AcC3QfbGNpM7fu0Y8b/z16pXLnFxZYvWhd3fhBY9DLmC6Q==",
      "optional": false
    }
  }
}